
Microsoft Visual Studio Solution File, Format Version 12.00
Project("{FAE04EC0-301F-11D3-BF4B-00C04F79EFBC}") = "Practice1.Task1A", "Practice1.Task1A\Practice1.Task1A.csproj", "{AA7BCD60-4D7D-4969-A5B5-027B3DBC37BA}"
EndProject
Project("{2150E333-8FDC-42A3-9474-1A3956D46DE8}") = "Practice1", "Practice1", "{633CB6A8-06D4-4503-A319-1F8C93C493C8}"
EndProject
Project("{FAE04EC0-301F-11D3-BF4B-00C04F79EFBC}") = "Practice1.Task1B", "Practice1.Task1B\Practice1.Task1B.csproj", "{1618F5B5-DE4F-4FDE-8BDA-431BF126EE51}"
EndProject
Project("{2150E333-8FDC-42A3-9474-1A3956D46DE8}") = "Practice2", "Practice2", "{1D743741-C85C-4B62-BEC4-309DB0176C78}"
EndProject
Project("{FAE04EC0-301F-11D3-BF4B-00C04F79EFBC}") = "Practice2.Task1", "Practice2.Task1\Practice2.Task1.csproj", "{7545988B-5285-418F-9259-F474B57C0BA8}"
EndProject
Project("{FAE04EC0-301F-11D3-BF4B-00C04F79EFBC}") = "Practice2.Task2", "Practice2.Task2\Practice2.Task2.csproj", "{EA647FB7-A6C7-4F41-8E14-ADFD92135F4E}"
EndProject
Project("{FAE04EC0-301F-11D3-BF4B-00C04F79EFBC}") = "Practice2.Task3", "Practice2.Task3\Practice2.Task3.csproj", "{E9D36795-0F52-429A-AF7C-27FD364241C2}"
EndProject
Project("{FAE04EC0-301F-11D3-BF4B-00C04F79EFBC}") = "Practice2.Task4", "Practice2.Task4\Practice2.Task4.csproj", "{299EF2CF-6AE3-4269-91E8-6ECFAFE47577}"
EndProject
Project("{FAE04EC0-301F-11D3-BF4B-00C04F79EFBC}") = "Practice2.Task5", "Practice2.Task5\Practice2.Task5.csproj", "{F5BDFDCA-64BB-4AFB-9C64-9EC6D0FF9371}"
EndProject
Project("{FAE04EC0-301F-11D3-BF4B-00C04F79EFBC}") = "Practice2.Task6", "Practice2.Task6\Practice2.Task6.csproj", "{4321D0FC-10D9-434D-A01C-F9FB1AED2A9D}"
EndProject
Project("{FAE04EC0-301F-11D3-BF4B-00C04F79EFBC}") = "Practice2.Task7", "Practice2.Task7\Practice2.Task7.csproj", "{5AC34D65-349B-4BF7-AE69-4F5D627F98EB}"
EndProject
Project("{FAE04EC0-301F-11D3-BF4B-00C04F79EFBC}") = "Practice2.Task8", "Practice2.Task8\Practice2.Task8.csproj", "{DC56AE97-2064-48D7-992D-5668EDBA50B5}"
EndProject
Project("{FAE04EC0-301F-11D3-BF4B-00C04F79EFBC}") = "Practice2.Task9", "Practice2.Task9\Practice2.Task9.csproj", "{B4ADA73C-DC7E-482D-AFC7-F9B45F437A18}"
EndProject
Project("{FAE04EC0-301F-11D3-BF4B-00C04F79EFBC}") = "Practice2.Task10", "Practice2.Task10\Practice2.Task10.csproj", "{900C9166-D58C-4A3A-A624-AA463A46E948}"
EndProject
Project("{FAE04EC0-301F-11D3-BF4B-00C04F79EFBC}") = "Practice2.Task11", "Practice2.Task11\Practice2.Task11.csproj", "{5E552627-CF63-44B9-A85F-8419FF3580FA}"
EndProject
Project("{FAE04EC0-301F-11D3-BF4B-00C04F79EFBC}") = "Practice2.Task12", "Practice2.Task12\Practice2.Task12.csproj", "{D535FA16-BF94-4BAB-B702-E980ED469676}"
EndProject
Project("{FAE04EC0-301F-11D3-BF4B-00C04F79EFBC}") = "Practice2.Task13", "Practice2.Task13\Practice2.Task13.csproj", "{851BBF0F-FCC2-4F50-8049-ABAB2013FA7B}"
EndProject
Project("{FAE04EC0-301F-11D3-BF4B-00C04F79EFBC}") = "Practice2.Task14", "Practice2.Task14\Practice2.Task14.csproj", "{4207FB8B-987D-4594-8465-DB6E44029FE8}"
EndProject
Project("{FAE04EC0-301F-11D3-BF4B-00C04F79EFBC}") = "Practice2.Task15", "Practice2.Task15\Practice2.Task15.csproj", "{0046C785-8201-40E1-A288-694588C8BBB4}"
EndProject
Global
	GlobalSection(SolutionConfigurationPlatforms) = preSolution
		Debug|Any CPU = Debug|Any CPU
		Release|Any CPU = Release|Any CPU
		CheckIn|Any CPU = CheckIn|Any CPU
	EndGlobalSection
	GlobalSection(ProjectConfigurationPlatforms) = postSolution
		{AA7BCD60-4D7D-4969-A5B5-027B3DBC37BA}.Debug|Any CPU.ActiveCfg = Debug|Any CPU
		{AA7BCD60-4D7D-4969-A5B5-027B3DBC37BA}.Debug|Any CPU.Build.0 = Debug|Any CPU
		{AA7BCD60-4D7D-4969-A5B5-027B3DBC37BA}.Release|Any CPU.ActiveCfg = Release|Any CPU
		{AA7BCD60-4D7D-4969-A5B5-027B3DBC37BA}.Release|Any CPU.Build.0 = Release|Any CPU
		{AA7BCD60-4D7D-4969-A5B5-027B3DBC37BA}.CheckIn|Any CPU.ActiveCfg = CheckIn|Any CPU
		{AA7BCD60-4D7D-4969-A5B5-027B3DBC37BA}.CheckIn|Any CPU.Build.0 = CheckIn|Any CPU
		{1618F5B5-DE4F-4FDE-8BDA-431BF126EE51}.Debug|Any CPU.ActiveCfg = Debug|Any CPU
		{1618F5B5-DE4F-4FDE-8BDA-431BF126EE51}.Debug|Any CPU.Build.0 = Debug|Any CPU
		{1618F5B5-DE4F-4FDE-8BDA-431BF126EE51}.Release|Any CPU.ActiveCfg = Release|Any CPU
		{1618F5B5-DE4F-4FDE-8BDA-431BF126EE51}.Release|Any CPU.Build.0 = Release|Any CPU
		{1618F5B5-DE4F-4FDE-8BDA-431BF126EE51}.CheckIn|Any CPU.ActiveCfg = CheckIn|Any CPU
		{1618F5B5-DE4F-4FDE-8BDA-431BF126EE51}.CheckIn|Any CPU.Build.0 = CheckIn|Any CPU
		{7545988B-5285-418F-9259-F474B57C0BA8}.Debug|Any CPU.ActiveCfg = Debug|Any CPU
		{7545988B-5285-418F-9259-F474B57C0BA8}.Debug|Any CPU.Build.0 = Debug|Any CPU
		{7545988B-5285-418F-9259-F474B57C0BA8}.Release|Any CPU.ActiveCfg = Release|Any CPU
		{7545988B-5285-418F-9259-F474B57C0BA8}.Release|Any CPU.Build.0 = Release|Any CPU
		{7545988B-5285-418F-9259-F474B57C0BA8}.CheckIn|Any CPU.ActiveCfg = Debug|Any CPU
		{7545988B-5285-418F-9259-F474B57C0BA8}.CheckIn|Any CPU.Build.0 = Debug|Any CPU
		{EA647FB7-A6C7-4F41-8E14-ADFD92135F4E}.Debug|Any CPU.ActiveCfg = Debug|Any CPU
		{EA647FB7-A6C7-4F41-8E14-ADFD92135F4E}.Debug|Any CPU.Build.0 = Debug|Any CPU
		{EA647FB7-A6C7-4F41-8E14-ADFD92135F4E}.Release|Any CPU.ActiveCfg = Release|Any CPU
		{EA647FB7-A6C7-4F41-8E14-ADFD92135F4E}.Release|Any CPU.Build.0 = Release|Any CPU
		{EA647FB7-A6C7-4F41-8E14-ADFD92135F4E}.CheckIn|Any CPU.ActiveCfg = Debug|Any CPU
		{EA647FB7-A6C7-4F41-8E14-ADFD92135F4E}.CheckIn|Any CPU.Build.0 = Debug|Any CPU
		{E9D36795-0F52-429A-AF7C-27FD364241C2}.Debug|Any CPU.ActiveCfg = Debug|Any CPU
		{E9D36795-0F52-429A-AF7C-27FD364241C2}.Debug|Any CPU.Build.0 = Debug|Any CPU
		{E9D36795-0F52-429A-AF7C-27FD364241C2}.Release|Any CPU.ActiveCfg = Release|Any CPU
		{E9D36795-0F52-429A-AF7C-27FD364241C2}.Release|Any CPU.Build.0 = Release|Any CPU
		{E9D36795-0F52-429A-AF7C-27FD364241C2}.CheckIn|Any CPU.ActiveCfg = Debug|Any CPU
		{E9D36795-0F52-429A-AF7C-27FD364241C2}.CheckIn|Any CPU.Build.0 = Debug|Any CPU
		{299EF2CF-6AE3-4269-91E8-6ECFAFE47577}.Debug|Any CPU.ActiveCfg = Debug|Any CPU
		{299EF2CF-6AE3-4269-91E8-6ECFAFE47577}.Debug|Any CPU.Build.0 = Debug|Any CPU
		{299EF2CF-6AE3-4269-91E8-6ECFAFE47577}.Release|Any CPU.ActiveCfg = Release|Any CPU
		{299EF2CF-6AE3-4269-91E8-6ECFAFE47577}.Release|Any CPU.Build.0 = Release|Any CPU
		{299EF2CF-6AE3-4269-91E8-6ECFAFE47577}.CheckIn|Any CPU.ActiveCfg = Debug|Any CPU
		{299EF2CF-6AE3-4269-91E8-6ECFAFE47577}.CheckIn|Any CPU.Build.0 = Debug|Any CPU
		{F5BDFDCA-64BB-4AFB-9C64-9EC6D0FF9371}.Debug|Any CPU.ActiveCfg = Debug|Any CPU
		{F5BDFDCA-64BB-4AFB-9C64-9EC6D0FF9371}.Debug|Any CPU.Build.0 = Debug|Any CPU
		{F5BDFDCA-64BB-4AFB-9C64-9EC6D0FF9371}.Release|Any CPU.ActiveCfg = Release|Any CPU
		{F5BDFDCA-64BB-4AFB-9C64-9EC6D0FF9371}.Release|Any CPU.Build.0 = Release|Any CPU
		{F5BDFDCA-64BB-4AFB-9C64-9EC6D0FF9371}.CheckIn|Any CPU.ActiveCfg = Debug|Any CPU
		{F5BDFDCA-64BB-4AFB-9C64-9EC6D0FF9371}.CheckIn|Any CPU.Build.0 = Debug|Any CPU
		{4321D0FC-10D9-434D-A01C-F9FB1AED2A9D}.Debug|Any CPU.ActiveCfg = Debug|Any CPU
		{4321D0FC-10D9-434D-A01C-F9FB1AED2A9D}.Debug|Any CPU.Build.0 = Debug|Any CPU
		{4321D0FC-10D9-434D-A01C-F9FB1AED2A9D}.Release|Any CPU.ActiveCfg = Release|Any CPU
		{4321D0FC-10D9-434D-A01C-F9FB1AED2A9D}.Release|Any CPU.Build.0 = Release|Any CPU
		{4321D0FC-10D9-434D-A01C-F9FB1AED2A9D}.CheckIn|Any CPU.ActiveCfg = Debug|Any CPU
		{4321D0FC-10D9-434D-A01C-F9FB1AED2A9D}.CheckIn|Any CPU.Build.0 = Debug|Any CPU
		{5AC34D65-349B-4BF7-AE69-4F5D627F98EB}.Debug|Any CPU.ActiveCfg = Debug|Any CPU
		{5AC34D65-349B-4BF7-AE69-4F5D627F98EB}.Debug|Any CPU.Build.0 = Debug|Any CPU
		{5AC34D65-349B-4BF7-AE69-4F5D627F98EB}.Release|Any CPU.ActiveCfg = Release|Any CPU
		{5AC34D65-349B-4BF7-AE69-4F5D627F98EB}.Release|Any CPU.Build.0 = Release|Any CPU
		{5AC34D65-349B-4BF7-AE69-4F5D627F98EB}.CheckIn|Any CPU.ActiveCfg = Debug|Any CPU
		{5AC34D65-349B-4BF7-AE69-4F5D627F98EB}.CheckIn|Any CPU.Build.0 = Debug|Any CPU
		{DC56AE97-2064-48D7-992D-5668EDBA50B5}.Debug|Any CPU.ActiveCfg = Debug|Any CPU
		{DC56AE97-2064-48D7-992D-5668EDBA50B5}.Debug|Any CPU.Build.0 = Debug|Any CPU
		{DC56AE97-2064-48D7-992D-5668EDBA50B5}.Release|Any CPU.ActiveCfg = Release|Any CPU
		{DC56AE97-2064-48D7-992D-5668EDBA50B5}.Release|Any CPU.Build.0 = Release|Any CPU
		{DC56AE97-2064-48D7-992D-5668EDBA50B5}.CheckIn|Any CPU.ActiveCfg = Debug|Any CPU
		{DC56AE97-2064-48D7-992D-5668EDBA50B5}.CheckIn|Any CPU.Build.0 = Debug|Any CPU
		{B4ADA73C-DC7E-482D-AFC7-F9B45F437A18}.Debug|Any CPU.ActiveCfg = Debug|Any CPU
		{B4ADA73C-DC7E-482D-AFC7-F9B45F437A18}.Debug|Any CPU.Build.0 = Debug|Any CPU
		{B4ADA73C-DC7E-482D-AFC7-F9B45F437A18}.Release|Any CPU.ActiveCfg = Release|Any CPU
		{B4ADA73C-DC7E-482D-AFC7-F9B45F437A18}.Release|Any CPU.Build.0 = Release|Any CPU
		{B4ADA73C-DC7E-482D-AFC7-F9B45F437A18}.CheckIn|Any CPU.ActiveCfg = Debug|Any CPU
		{B4ADA73C-DC7E-482D-AFC7-F9B45F437A18}.CheckIn|Any CPU.Build.0 = Debug|Any CPU
		{900C9166-D58C-4A3A-A624-AA463A46E948}.Debug|Any CPU.ActiveCfg = Debug|Any CPU
		{900C9166-D58C-4A3A-A624-AA463A46E948}.Debug|Any CPU.Build.0 = Debug|Any CPU
		{900C9166-D58C-4A3A-A624-AA463A46E948}.Release|Any CPU.ActiveCfg = Release|Any CPU
		{900C9166-D58C-4A3A-A624-AA463A46E948}.Release|Any CPU.Build.0 = Release|Any CPU
		{900C9166-D58C-4A3A-A624-AA463A46E948}.CheckIn|Any CPU.ActiveCfg = Debug|Any CPU
		{900C9166-D58C-4A3A-A624-AA463A46E948}.CheckIn|Any CPU.Build.0 = Debug|Any CPU
		{5E552627-CF63-44B9-A85F-8419FF3580FA}.Debug|Any CPU.ActiveCfg = Debug|Any CPU
		{5E552627-CF63-44B9-A85F-8419FF3580FA}.Debug|Any CPU.Build.0 = Debug|Any CPU
		{5E552627-CF63-44B9-A85F-8419FF3580FA}.Release|Any CPU.ActiveCfg = Release|Any CPU
		{5E552627-CF63-44B9-A85F-8419FF3580FA}.Release|Any CPU.Build.0 = Release|Any CPU
		{5E552627-CF63-44B9-A85F-8419FF3580FA}.CheckIn|Any CPU.ActiveCfg = Debug|Any CPU
		{5E552627-CF63-44B9-A85F-8419FF3580FA}.CheckIn|Any CPU.Build.0 = Debug|Any CPU
		{D535FA16-BF94-4BAB-B702-E980ED469676}.Debug|Any CPU.ActiveCfg = Debug|Any CPU
		{D535FA16-BF94-4BAB-B702-E980ED469676}.Debug|Any CPU.Build.0 = Debug|Any CPU
		{D535FA16-BF94-4BAB-B702-E980ED469676}.Release|Any CPU.ActiveCfg = Release|Any CPU
		{D535FA16-BF94-4BAB-B702-E980ED469676}.Release|Any CPU.Build.0 = Release|Any CPU
		{D535FA16-BF94-4BAB-B702-E980ED469676}.CheckIn|Any CPU.ActiveCfg = Debug|Any CPU
		{D535FA16-BF94-4BAB-B702-E980ED469676}.CheckIn|Any CPU.Build.0 = Debug|Any CPU
		{851BBF0F-FCC2-4F50-8049-ABAB2013FA7B}.Debug|Any CPU.ActiveCfg = Debug|Any CPU
		{851BBF0F-FCC2-4F50-8049-ABAB2013FA7B}.Debug|Any CPU.Build.0 = Debug|Any CPU
		{851BBF0F-FCC2-4F50-8049-ABAB2013FA7B}.Release|Any CPU.ActiveCfg = Release|Any CPU
		{851BBF0F-FCC2-4F50-8049-ABAB2013FA7B}.Release|Any CPU.Build.0 = Release|Any CPU
		{851BBF0F-FCC2-4F50-8049-ABAB2013FA7B}.CheckIn|Any CPU.ActiveCfg = Debug|Any CPU
		{851BBF0F-FCC2-4F50-8049-ABAB2013FA7B}.CheckIn|Any CPU.Build.0 = Debug|Any CPU
		{4207FB8B-987D-4594-8465-DB6E44029FE8}.Debug|Any CPU.ActiveCfg = Debug|Any CPU
		{4207FB8B-987D-4594-8465-DB6E44029FE8}.Debug|Any CPU.Build.0 = Debug|Any CPU
		{4207FB8B-987D-4594-8465-DB6E44029FE8}.Release|Any CPU.ActiveCfg = Release|Any CPU
		{4207FB8B-987D-4594-8465-DB6E44029FE8}.Release|Any CPU.Build.0 = Release|Any CPU
		{4207FB8B-987D-4594-8465-DB6E44029FE8}.CheckIn|Any CPU.ActiveCfg = Debug|Any CPU
		{4207FB8B-987D-4594-8465-DB6E44029FE8}.CheckIn|Any CPU.Build.0 = Debug|Any CPU
		{0046C785-8201-40E1-A288-694588C8BBB4}.Debug|Any CPU.ActiveCfg = Debug|Any CPU
		{0046C785-8201-40E1-A288-694588C8BBB4}.Debug|Any CPU.Build.0 = Debug|Any CPU
		{0046C785-8201-40E1-A288-694588C8BBB4}.Release|Any CPU.ActiveCfg = Release|Any CPU
		{0046C785-8201-40E1-A288-694588C8BBB4}.Release|Any CPU.Build.0 = Release|Any CPU
		{0046C785-8201-40E1-A288-694588C8BBB4}.CheckIn|Any CPU.ActiveCfg = Debug|Any CPU
		{0046C785-8201-40E1-A288-694588C8BBB4}.CheckIn|Any CPU.Build.0 = Debug|Any CPU
	EndGlobalSection
	GlobalSection(NestedProjects) = preSolution
		{AA7BCD60-4D7D-4969-A5B5-027B3DBC37BA} = {633CB6A8-06D4-4503-A319-1F8C93C493C8}
		{1618F5B5-DE4F-4FDE-8BDA-431BF126EE51} = {633CB6A8-06D4-4503-A319-1F8C93C493C8}
		{7545988B-5285-418F-9259-F474B57C0BA8} = {1D743741-C85C-4B62-BEC4-309DB0176C78}
		{EA647FB7-A6C7-4F41-8E14-ADFD92135F4E} = {1D743741-C85C-4B62-BEC4-309DB0176C78}
		{E9D36795-0F52-429A-AF7C-27FD364241C2} = {1D743741-C85C-4B62-BEC4-309DB0176C78}
		{299EF2CF-6AE3-4269-91E8-6ECFAFE47577} = {1D743741-C85C-4B62-BEC4-309DB0176C78}
		{F5BDFDCA-64BB-4AFB-9C64-9EC6D0FF9371} = {1D743741-C85C-4B62-BEC4-309DB0176C78}
		{4321D0FC-10D9-434D-A01C-F9FB1AED2A9D} = {1D743741-C85C-4B62-BEC4-309DB0176C78}
		{5AC34D65-349B-4BF7-AE69-4F5D627F98EB} = {1D743741-C85C-4B62-BEC4-309DB0176C78}
		{DC56AE97-2064-48D7-992D-5668EDBA50B5} = {1D743741-C85C-4B62-BEC4-309DB0176C78}
		{B4ADA73C-DC7E-482D-AFC7-F9B45F437A18} = {1D743741-C85C-4B62-BEC4-309DB0176C78}
		{900C9166-D58C-4A3A-A624-AA463A46E948} = {1D743741-C85C-4B62-BEC4-309DB0176C78}
		{5E552627-CF63-44B9-A85F-8419FF3580FA} = {1D743741-C85C-4B62-BEC4-309DB0176C78}
		{D535FA16-BF94-4BAB-B702-E980ED469676} = {1D743741-C85C-4B62-BEC4-309DB0176C78}
		{851BBF0F-FCC2-4F50-8049-ABAB2013FA7B} = {1D743741-C85C-4B62-BEC4-309DB0176C78}
		{4207FB8B-987D-4594-8465-DB6E44029FE8} = {1D743741-C85C-4B62-BEC4-309DB0176C78}
		{0046C785-8201-40E1-A288-694588C8BBB4} = {1D743741-C85C-4B62-BEC4-309DB0176C78}
	EndGlobalSection
EndGlobal
