
Microsoft Visual Studio Solution File, Format Version 12.00
Project("{FAE04EC0-301F-11D3-BF4B-00C04F79EFBC}") = "Practice1.Task1A", "Practice1.Task1A\Practice1.Task1A.csproj", "{AA7BCD60-4D7D-4969-A5B5-027B3DBC37BA}"
EndProject
Project("{2150E333-8FDC-42A3-9474-1A3956D46DE8}") = "Practice1", "Practice1", "{633CB6A8-06D4-4503-A319-1F8C93C493C8}"
EndProject
Project("{FAE04EC0-301F-11D3-BF4B-00C04F79EFBC}") = "Practice1.Task1B", "Practice1.Task1B\Practice1.Task1B.csproj", "{1618F5B5-DE4F-4FDE-8BDA-431BF126EE51}"
EndProject
Project("{2150E333-8FDC-42A3-9474-1A3956D46DE8}") = "Practice2", "Practice2", "{1D743741-C85C-4B62-BEC4-309DB0176C78}"
EndProject
Project("{FAE04EC0-301F-11D3-BF4B-00C04F79EFBC}") = "Practice2.Task1", "Practice2.Task1\Practice2.Task1.csproj", "{7545988B-5285-418F-9259-F474B57C0BA8}"
EndProject
Project("{FAE04EC0-301F-11D3-BF4B-00C04F79EFBC}") = "Practice2.Task2", "Practice2.Task2\Practice2.Task2.csproj", "{EA647FB7-A6C7-4F41-8E14-ADFD92135F4E}"
EndProject
Project("{FAE04EC0-301F-11D3-BF4B-00C04F79EFBC}") = "Practice2.Task3", "Practice2.Task3\Practice2.Task3.csproj", "{E9D36795-0F52-429A-AF7C-27FD364241C2}"
EndProject
Project("{FAE04EC0-301F-11D3-BF4B-00C04F79EFBC}") = "Practice2.Task4", "Practice2.Task4\Practice2.Task4.csproj", "{299EF2CF-6AE3-4269-91E8-6ECFAFE47577}"
EndProject
Project("{FAE04EC0-301F-11D3-BF4B-00C04F79EFBC}") = "Practice2.Task5", "Practice2.Task5\Practice2.Task5.csproj", "{F5BDFDCA-64BB-4AFB-9C64-9EC6D0FF9371}"
EndProject
Project("{FAE04EC0-301F-11D3-BF4B-00C04F79EFBC}") = "Practice2.Task6", "Practice2.Task6\Practice2.Task6.csproj", "{4321D0FC-10D9-434D-A01C-F9FB1AED2A9D}"
EndProject
Project("{FAE04EC0-301F-11D3-BF4B-00C04F79EFBC}") = "Practice2.Task7", "Practice2.Task7\Practice2.Task7.csproj", "{5AC34D65-349B-4BF7-AE69-4F5D627F98EB}"
EndProject
Project("{FAE04EC0-301F-11D3-BF4B-00C04F79EFBC}") = "Practice2.Task8", "Practice2.Task8\Practice2.Task8.csproj", "{DC56AE97-2064-48D7-992D-5668EDBA50B5}"
EndProject
Project("{FAE04EC0-301F-11D3-BF4B-00C04F79EFBC}") = "Practice2.Task9", "Practice2.Task9\Practice2.Task9.csproj", "{B4ADA73C-DC7E-482D-AFC7-F9B45F437A18}"
EndProject
Project("{FAE04EC0-301F-11D3-BF4B-00C04F79EFBC}") = "Practice2.Task10", "Practice2.Task10\Practice2.Task10.csproj", "{900C9166-D58C-4A3A-A624-AA463A46E948}"
EndProject
Project("{FAE04EC0-301F-11D3-BF4B-00C04F79EFBC}") = "Practice2.Task11", "Practice2.Task11\Practice2.Task11.csproj", "{5E552627-CF63-44B9-A85F-8419FF3580FA}"
EndProject
Project("{FAE04EC0-301F-11D3-BF4B-00C04F79EFBC}") = "Practice2.Task12", "Practice2.Task12\Practice2.Task12.csproj", "{D535FA16-BF94-4BAB-B702-E980ED469676}"
EndProject
Project("{FAE04EC0-301F-11D3-BF4B-00C04F79EFBC}") = "Practice2.Task13", "Practice2.Task13\Practice2.Task13.csproj", "{851BBF0F-FCC2-4F50-8049-ABAB2013FA7B}"
EndProject
Project("{FAE04EC0-301F-11D3-BF4B-00C04F79EFBC}") = "Practice2.Task14", "Practice2.Task14\Practice2.Task14.csproj", "{4207FB8B-987D-4594-8465-DB6E44029FE8}"
EndProject
Project("{FAE04EC0-301F-11D3-BF4B-00C04F79EFBC}") = "Practice2.Task15", "Practice2.Task15\Practice2.Task15.csproj", "{0046C785-8201-40E1-A288-694588C8BBB4}"
EndProject
Project("{FAE04EC0-301F-11D3-BF4B-00C04F79EFBC}") = "Practice2.Task16", "Practice2.Task16\Practice2.Task16.csproj", "{64EDF36D-FA05-4204-85B3-5F85CD6C07CA}"
EndProject
Project("{FAE04EC0-301F-11D3-BF4B-00C04F79EFBC}") = "Practice2.Task17", "Practice2.Task17\Practice2.Task17.csproj", "{8B31866D-419B-4FF7-8F5A-590D939C28FC}"
EndProject
Project("{FAE04EC0-301F-11D3-BF4B-00C04F79EFBC}") = "Practice2.Task18", "Practice2.Task18\Practice2.Task18.csproj", "{514C1078-6B2A-48F1-8A16-27AA1A119DC7}"
EndProject
Project("{FAE04EC0-301F-11D3-BF4B-00C04F79EFBC}") = "Practice2.Task19", "Practice2.Task19\Practice2.Task19.csproj", "{A11165B1-CD30-4B96-BBA6-EF3CD3A84477}"
EndProject
Project("{FAE04EC0-301F-11D3-BF4B-00C04F79EFBC}") = "Practice2.Task20", "Practice2.Task20\Practice2.Task20.csproj", "{75D96F2A-505C-4872-8302-EA4A129AA9D9}"
EndProject
Project("{FAE04EC0-301F-11D3-BF4B-00C04F79EFBC}") = "Practice2.Task21", "Practice2.Task21\Practice2.Task21.csproj", "{6D94014B-B57A-40BA-B5FE-E349BE355925}"
EndProject
Project("{FAE04EC0-301F-11D3-BF4B-00C04F79EFBC}") = "Practice2.Task22", "Practice2.Task22\Practice2.Task22.csproj", "{6569BBBF-8B14-44AA-A58D-CD247C151F15}"
EndProject
Project("{FAE04EC0-301F-11D3-BF4B-00C04F79EFBC}") = "Practice2.Task23", "Practice2.Task23\Practice2.Task23.csproj", "{79F6C684-A70C-4DE2-A502-66CB08106EF8}"
EndProject
Project("{FAE04EC0-301F-11D3-BF4B-00C04F79EFBC}") = "Practice2.Task24", "Practice2.Task24\Practice2.Task24.csproj", "{F10CA672-A6DC-409A-B355-1EA3D2A5FBEF}"
EndProject
Project("{FAE04EC0-301F-11D3-BF4B-00C04F79EFBC}") = "Practice2.Task25", "Practice2.Task25\Practice2.Task25.csproj", "{4079397B-7196-4178-9354-FB1DBB8B5848}"
EndProject
Project("{2150E333-8FDC-42A3-9474-1A3956D46DE8}") = "Practice3", "Practice3", "{A1E872E7-2042-4D55-8138-E5C8B6BEED7F}"
EndProject
Project("{FAE04EC0-301F-11D3-BF4B-00C04F79EFBC}") = "Practice3.Task1", "Practice3.Task1\Practice3.Task1.csproj", "{8096F9A2-2F63-42B0-BF93-4F4B5AD0BDEF}"
EndProject
Project("{FAE04EC0-301F-11D3-BF4B-00C04F79EFBC}") = "Practice3.Task2", "Practice3.Task2\Practice3.Task2.csproj", "{5E9231E4-64CA-4C6A-B348-B0C0AE847D99}"
EndProject
Project("{FAE04EC0-301F-11D3-BF4B-00C04F79EFBC}") = "Practice3.Task3", "Practice3.Task3\Practice3.Task3.csproj", "{6AF1C872-1705-42F4-9ECB-FC0EC23E9FD7}"
EndProject
Project("{FAE04EC0-301F-11D3-BF4B-00C04F79EFBC}") = "Practice3.Task4", "Practice3.Task4\Practice3.Task4.csproj", "{18FE281F-0604-414F-9724-81C7390B6D69}"
EndProject
Project("{FAE04EC0-301F-11D3-BF4B-00C04F79EFBC}") = "Practice3.Task5", "Practice3.Task5\Practice3.Task5.csproj", "{4B2D756B-178D-472D-9F1E-AD6A2C424BBE}"
EndProject
Project("{FAE04EC0-301F-11D3-BF4B-00C04F79EFBC}") = "Practice3.Task6", "Practice3.Task6\Practice3.Task6.csproj", "{9DC91545-7D98-4BFE-AD9A-026001F68E2E}"
EndProject
Project("{FAE04EC0-301F-11D3-BF4B-00C04F79EFBC}") = "Practice3.Task7", "Practice3.Task7\Practice3.Task7.csproj", "{7CDBB269-496F-4FE0-9BA8-5B3B7D696AE3}"
EndProject
Project("{FAE04EC0-301F-11D3-BF4B-00C04F79EFBC}") = "Practice3.Task8", "Practice3.Task8\Practice3.Task8.csproj", "{820F9DE4-0B62-4061-B438-CF66C0DF531D}"
EndProject
Project("{FAE04EC0-301F-11D3-BF4B-00C04F79EFBC}") = "Practice3.Task9", "Practice3.Task9\Practice3.Task9.csproj", "{5DCFBF13-AB26-4E3A-B86F-5353EADF1188}"
EndProject
Project("{FAE04EC0-301F-11D3-BF4B-00C04F79EFBC}") = "Practice3.Task10", "Practice3.Task10\Practice3.Task10.csproj", "{098CF84A-2BAA-48D7-B332-49BE0FBE5F78}"
EndProject
Project("{FAE04EC0-301F-11D3-BF4B-00C04F79EFBC}") = "Practice3.Task11", "Practice3.Task11\Practice3.Task11.csproj", "{CE92A77C-D2D1-400F-BF94-3E9DA20C1CCE}"
EndProject
Project("{2150E333-8FDC-42A3-9474-1A3956D46DE8}") = "Practice4", "Practice4", "{75B29DD8-273B-4658-B6AC-205DE4C62A18}"
EndProject
Project("{FAE04EC0-301F-11D3-BF4B-00C04F79EFBC}") = "Practice4.MathHelper", "Practice4.MathHelper\Practice4.MathHelper.csproj", "{3E07BCDA-1103-4E0D-8944-49AE6BAFAB69}"
EndProject
Project("{2150E333-8FDC-42A3-9474-1A3956D46DE8}") = "Practice5", "Practice5", "{E25A522C-41B4-4116-8127-887B1F17CBDE}"
EndProject
Project("{FAE04EC0-301F-11D3-BF4B-00C04F79EFBC}") = "Practice5.Task1", "Practice5.Task1\Practice5.Task1.csproj", "{2E40AA24-B2ED-433C-95F0-A13B304BB9E5}"
EndProject
Project("{FAE04EC0-301F-11D3-BF4B-00C04F79EFBC}") = "Practice5.Task2", "Practice5.Task2\Practice5.Task2.csproj", "{6E354702-3A19-4101-86B7-4781F2CA4FFF}"
EndProject
Project("{FAE04EC0-301F-11D3-BF4B-00C04F79EFBC}") = "Practice5.Task3", "Practice5.Task3\Practice5.Task3.csproj", "{F7EDCFCF-94AE-42EF-93AB-6E912ED85E29}"
EndProject
Project("{2150E333-8FDC-42A3-9474-1A3956D46DE8}") = "Practice6", "Practice6", "{D70D6F76-E341-4B96-A433-3BAE7DBF6A62}"
EndProject
Project("{FAE04EC0-301F-11D3-BF4B-00C04F79EFBC}") = "Practice6.Task1", "Practice6.Task1\Practice6.Task1.csproj", "{315C002A-E338-484E-B710-E126C0D85482}"
EndProject
Project("{FAE04EC0-301F-11D3-BF4B-00C04F79EFBC}") = "Practice6.Task2", "Practice6.Task2\Practice6.Task2.csproj", "{9E3AAC29-ADEB-4A57-A272-D94E9B595A45}"
EndProject
Project("{FAE04EC0-301F-11D3-BF4B-00C04F79EFBC}") = "Practice6.Task3", "Practice6.Task3\Practice6.Task3.csproj", "{6204867C-4DDB-4467-A342-4D4A8D3C8399}"
EndProject
Project("{FAE04EC0-301F-11D3-BF4B-00C04F79EFBC}") = "Practice6.Task4", "Practice6.Task4\Practice6.Task4.csproj", "{8C6CC35C-CF72-4DAB-99C6-FBE42D9099FE}"
EndProject
Project("{FAE04EC0-301F-11D3-BF4B-00C04F79EFBC}") = "Practice6.Task5", "Practice6.Task5\Practice6.Task5.csproj", "{1D1756C5-B269-4E09-BFEC-45C35EE6F43B}"
EndProject
Project("{FAE04EC0-301F-11D3-BF4B-00C04F79EFBC}") = "Practice6.Task6", "Practice6.Task6\Practice6.Task6.csproj", "{A0C131E5-528B-4653-8FBE-69092F93B1DC}"
EndProject
Project("{FAE04EC0-301F-11D3-BF4B-00C04F79EFBC}") = "Practice6.Task7", "Practice6.Task7\Practice6.Task7.csproj", "{D8560139-E83A-48E3-89DE-99995C6F3F75}"
EndProject
Project("{FAE04EC0-301F-11D3-BF4B-00C04F79EFBC}") = "Practice6.Task8", "Practice6.Task8\Practice6.Task8.csproj", "{970D8C08-871C-4360-AEFD-C59CB9C3D230}"
EndProject
Project("{FAE04EC0-301F-11D3-BF4B-00C04F79EFBC}") = "Practice6.Task9", "Practice6.Task9\Practice6.Task9.csproj", "{67511AC2-084D-4187-B6AC-7B75F4089EA0}"
EndProject
Project("{FAE04EC0-301F-11D3-BF4B-00C04F79EFBC}") = "Practice6.Task10", "Practice6.Task10\Practice6.Task10.csproj", "{DA52E746-5374-44E2-8BDD-A39146C97758}"
EndProject
Project("{FAE04EC0-301F-11D3-BF4B-00C04F79EFBC}") = "Practice6.Task11", "Practice6.Task11\Practice6.Task11.csproj", "{7A1FBE65-1E3C-476B-A071-4E44AF173B5F}"
EndProject
Project("{FAE04EC0-301F-11D3-BF4B-00C04F79EFBC}") = "Practice6.Task12", "Practice6.Task12\Practice6.Task12.csproj", "{5DF73AC9-D7E7-41ED-AA93-B2E449E15E5C}"
EndProject
Project("{2150E333-8FDC-42A3-9474-1A3956D46DE8}") = "Practice7", "Practice7", "{7BB71DFA-4919-4821-A929-95539066F007}"
EndProject
Project("{FAE04EC0-301F-11D3-BF4B-00C04F79EFBC}") = "Practice7.Task1", "Practice7.Task1\Practice7.Task1.csproj", "{0EF01F04-37EC-40BF-B8F4-1F146F30BCB6}"
EndProject
Project("{FAE04EC0-301F-11D3-BF4B-00C04F79EFBC}") = "Practice7.Task2", "Practice7.Task2\Practice7.Task2.csproj", "{0733B15E-1C8C-400F-9F28-2D5C3E2AED6D}"
EndProject
Project("{FAE04EC0-301F-11D3-BF4B-00C04F79EFBC}") = "Practice7.Task3", "Practice7.Task3\Practice7.Task3.csproj", "{B5CF3937-D43B-4A0F-833F-603B60B37151}"
EndProject
Project("{FAE04EC0-301F-11D3-BF4B-00C04F79EFBC}") = "Practice7.Task4", "Practice7.Task4\Practice7.Task4.csproj", "{A0BD1DE3-B214-4FD8-ADC0-D32B4333CF13}"
EndProject
Project("{2150E333-8FDC-42A3-9474-1A3956D46DE8}") = "Practice8", "Practice8", "{5AF1C886-8A99-4219-976B-876A382E799F}"
EndProject
Project("{FAE04EC0-301F-11D3-BF4B-00C04F79EFBC}") = "Practice8.Task1", "Practice8.Task1\Practice8.Task1.csproj", "{0156B7B1-FCA7-414F-9409-3E162026EA0A}"
EndProject
Project("{FAE04EC0-301F-11D3-BF4B-00C04F79EFBC}") = "Practice8.Task2", "Practice8.Task2\Practice8.Task2.csproj", "{7EAA9257-795E-47FB-BA77-5243C95FC26C}"
EndProject
Global
	GlobalSection(SolutionConfigurationPlatforms) = preSolution
		Debug|Any CPU = Debug|Any CPU
		Release|Any CPU = Release|Any CPU
		CheckIn|Any CPU = CheckIn|Any CPU
	EndGlobalSection
	GlobalSection(ProjectConfigurationPlatforms) = postSolution
		{AA7BCD60-4D7D-4969-A5B5-027B3DBC37BA}.Debug|Any CPU.ActiveCfg = Debug|Any CPU
		{AA7BCD60-4D7D-4969-A5B5-027B3DBC37BA}.Debug|Any CPU.Build.0 = Debug|Any CPU
		{AA7BCD60-4D7D-4969-A5B5-027B3DBC37BA}.Release|Any CPU.ActiveCfg = Release|Any CPU
		{AA7BCD60-4D7D-4969-A5B5-027B3DBC37BA}.Release|Any CPU.Build.0 = Release|Any CPU
		{AA7BCD60-4D7D-4969-A5B5-027B3DBC37BA}.CheckIn|Any CPU.ActiveCfg = CheckIn|Any CPU
		{AA7BCD60-4D7D-4969-A5B5-027B3DBC37BA}.CheckIn|Any CPU.Build.0 = CheckIn|Any CPU
		{1618F5B5-DE4F-4FDE-8BDA-431BF126EE51}.Debug|Any CPU.ActiveCfg = Debug|Any CPU
		{1618F5B5-DE4F-4FDE-8BDA-431BF126EE51}.Debug|Any CPU.Build.0 = Debug|Any CPU
		{1618F5B5-DE4F-4FDE-8BDA-431BF126EE51}.Release|Any CPU.ActiveCfg = Release|Any CPU
		{1618F5B5-DE4F-4FDE-8BDA-431BF126EE51}.Release|Any CPU.Build.0 = Release|Any CPU
		{1618F5B5-DE4F-4FDE-8BDA-431BF126EE51}.CheckIn|Any CPU.ActiveCfg = CheckIn|Any CPU
		{1618F5B5-DE4F-4FDE-8BDA-431BF126EE51}.CheckIn|Any CPU.Build.0 = CheckIn|Any CPU
		{7545988B-5285-418F-9259-F474B57C0BA8}.Debug|Any CPU.ActiveCfg = Debug|Any CPU
		{7545988B-5285-418F-9259-F474B57C0BA8}.Debug|Any CPU.Build.0 = Debug|Any CPU
		{7545988B-5285-418F-9259-F474B57C0BA8}.Release|Any CPU.ActiveCfg = Release|Any CPU
		{7545988B-5285-418F-9259-F474B57C0BA8}.Release|Any CPU.Build.0 = Release|Any CPU
		{7545988B-5285-418F-9259-F474B57C0BA8}.CheckIn|Any CPU.ActiveCfg = Debug|Any CPU
		{7545988B-5285-418F-9259-F474B57C0BA8}.CheckIn|Any CPU.Build.0 = Debug|Any CPU
		{EA647FB7-A6C7-4F41-8E14-ADFD92135F4E}.Debug|Any CPU.ActiveCfg = Debug|Any CPU
		{EA647FB7-A6C7-4F41-8E14-ADFD92135F4E}.Debug|Any CPU.Build.0 = Debug|Any CPU
		{EA647FB7-A6C7-4F41-8E14-ADFD92135F4E}.Release|Any CPU.ActiveCfg = Release|Any CPU
		{EA647FB7-A6C7-4F41-8E14-ADFD92135F4E}.Release|Any CPU.Build.0 = Release|Any CPU
		{EA647FB7-A6C7-4F41-8E14-ADFD92135F4E}.CheckIn|Any CPU.ActiveCfg = Debug|Any CPU
		{EA647FB7-A6C7-4F41-8E14-ADFD92135F4E}.CheckIn|Any CPU.Build.0 = Debug|Any CPU
		{E9D36795-0F52-429A-AF7C-27FD364241C2}.Debug|Any CPU.ActiveCfg = Debug|Any CPU
		{E9D36795-0F52-429A-AF7C-27FD364241C2}.Debug|Any CPU.Build.0 = Debug|Any CPU
		{E9D36795-0F52-429A-AF7C-27FD364241C2}.Release|Any CPU.ActiveCfg = Release|Any CPU
		{E9D36795-0F52-429A-AF7C-27FD364241C2}.Release|Any CPU.Build.0 = Release|Any CPU
		{E9D36795-0F52-429A-AF7C-27FD364241C2}.CheckIn|Any CPU.ActiveCfg = Debug|Any CPU
		{E9D36795-0F52-429A-AF7C-27FD364241C2}.CheckIn|Any CPU.Build.0 = Debug|Any CPU
		{299EF2CF-6AE3-4269-91E8-6ECFAFE47577}.Debug|Any CPU.ActiveCfg = Debug|Any CPU
		{299EF2CF-6AE3-4269-91E8-6ECFAFE47577}.Debug|Any CPU.Build.0 = Debug|Any CPU
		{299EF2CF-6AE3-4269-91E8-6ECFAFE47577}.Release|Any CPU.ActiveCfg = Release|Any CPU
		{299EF2CF-6AE3-4269-91E8-6ECFAFE47577}.Release|Any CPU.Build.0 = Release|Any CPU
		{299EF2CF-6AE3-4269-91E8-6ECFAFE47577}.CheckIn|Any CPU.ActiveCfg = Debug|Any CPU
		{299EF2CF-6AE3-4269-91E8-6ECFAFE47577}.CheckIn|Any CPU.Build.0 = Debug|Any CPU
		{F5BDFDCA-64BB-4AFB-9C64-9EC6D0FF9371}.Debug|Any CPU.ActiveCfg = Debug|Any CPU
		{F5BDFDCA-64BB-4AFB-9C64-9EC6D0FF9371}.Debug|Any CPU.Build.0 = Debug|Any CPU
		{F5BDFDCA-64BB-4AFB-9C64-9EC6D0FF9371}.Release|Any CPU.ActiveCfg = Release|Any CPU
		{F5BDFDCA-64BB-4AFB-9C64-9EC6D0FF9371}.Release|Any CPU.Build.0 = Release|Any CPU
		{F5BDFDCA-64BB-4AFB-9C64-9EC6D0FF9371}.CheckIn|Any CPU.ActiveCfg = Debug|Any CPU
		{F5BDFDCA-64BB-4AFB-9C64-9EC6D0FF9371}.CheckIn|Any CPU.Build.0 = Debug|Any CPU
		{4321D0FC-10D9-434D-A01C-F9FB1AED2A9D}.Debug|Any CPU.ActiveCfg = Debug|Any CPU
		{4321D0FC-10D9-434D-A01C-F9FB1AED2A9D}.Debug|Any CPU.Build.0 = Debug|Any CPU
		{4321D0FC-10D9-434D-A01C-F9FB1AED2A9D}.Release|Any CPU.ActiveCfg = Release|Any CPU
		{4321D0FC-10D9-434D-A01C-F9FB1AED2A9D}.Release|Any CPU.Build.0 = Release|Any CPU
		{4321D0FC-10D9-434D-A01C-F9FB1AED2A9D}.CheckIn|Any CPU.ActiveCfg = Debug|Any CPU
		{4321D0FC-10D9-434D-A01C-F9FB1AED2A9D}.CheckIn|Any CPU.Build.0 = Debug|Any CPU
		{5AC34D65-349B-4BF7-AE69-4F5D627F98EB}.Debug|Any CPU.ActiveCfg = Debug|Any CPU
		{5AC34D65-349B-4BF7-AE69-4F5D627F98EB}.Debug|Any CPU.Build.0 = Debug|Any CPU
		{5AC34D65-349B-4BF7-AE69-4F5D627F98EB}.Release|Any CPU.ActiveCfg = Release|Any CPU
		{5AC34D65-349B-4BF7-AE69-4F5D627F98EB}.Release|Any CPU.Build.0 = Release|Any CPU
		{5AC34D65-349B-4BF7-AE69-4F5D627F98EB}.CheckIn|Any CPU.ActiveCfg = Debug|Any CPU
		{5AC34D65-349B-4BF7-AE69-4F5D627F98EB}.CheckIn|Any CPU.Build.0 = Debug|Any CPU
		{DC56AE97-2064-48D7-992D-5668EDBA50B5}.Debug|Any CPU.ActiveCfg = Debug|Any CPU
		{DC56AE97-2064-48D7-992D-5668EDBA50B5}.Debug|Any CPU.Build.0 = Debug|Any CPU
		{DC56AE97-2064-48D7-992D-5668EDBA50B5}.Release|Any CPU.ActiveCfg = Release|Any CPU
		{DC56AE97-2064-48D7-992D-5668EDBA50B5}.Release|Any CPU.Build.0 = Release|Any CPU
		{DC56AE97-2064-48D7-992D-5668EDBA50B5}.CheckIn|Any CPU.ActiveCfg = Debug|Any CPU
		{DC56AE97-2064-48D7-992D-5668EDBA50B5}.CheckIn|Any CPU.Build.0 = Debug|Any CPU
		{B4ADA73C-DC7E-482D-AFC7-F9B45F437A18}.Debug|Any CPU.ActiveCfg = Debug|Any CPU
		{B4ADA73C-DC7E-482D-AFC7-F9B45F437A18}.Debug|Any CPU.Build.0 = Debug|Any CPU
		{B4ADA73C-DC7E-482D-AFC7-F9B45F437A18}.Release|Any CPU.ActiveCfg = Release|Any CPU
		{B4ADA73C-DC7E-482D-AFC7-F9B45F437A18}.Release|Any CPU.Build.0 = Release|Any CPU
		{B4ADA73C-DC7E-482D-AFC7-F9B45F437A18}.CheckIn|Any CPU.ActiveCfg = Debug|Any CPU
		{B4ADA73C-DC7E-482D-AFC7-F9B45F437A18}.CheckIn|Any CPU.Build.0 = Debug|Any CPU
		{900C9166-D58C-4A3A-A624-AA463A46E948}.Debug|Any CPU.ActiveCfg = Debug|Any CPU
		{900C9166-D58C-4A3A-A624-AA463A46E948}.Debug|Any CPU.Build.0 = Debug|Any CPU
		{900C9166-D58C-4A3A-A624-AA463A46E948}.Release|Any CPU.ActiveCfg = Release|Any CPU
		{900C9166-D58C-4A3A-A624-AA463A46E948}.Release|Any CPU.Build.0 = Release|Any CPU
		{900C9166-D58C-4A3A-A624-AA463A46E948}.CheckIn|Any CPU.ActiveCfg = Debug|Any CPU
		{900C9166-D58C-4A3A-A624-AA463A46E948}.CheckIn|Any CPU.Build.0 = Debug|Any CPU
		{5E552627-CF63-44B9-A85F-8419FF3580FA}.Debug|Any CPU.ActiveCfg = Debug|Any CPU
		{5E552627-CF63-44B9-A85F-8419FF3580FA}.Debug|Any CPU.Build.0 = Debug|Any CPU
		{5E552627-CF63-44B9-A85F-8419FF3580FA}.Release|Any CPU.ActiveCfg = Release|Any CPU
		{5E552627-CF63-44B9-A85F-8419FF3580FA}.Release|Any CPU.Build.0 = Release|Any CPU
		{5E552627-CF63-44B9-A85F-8419FF3580FA}.CheckIn|Any CPU.ActiveCfg = Debug|Any CPU
		{5E552627-CF63-44B9-A85F-8419FF3580FA}.CheckIn|Any CPU.Build.0 = Debug|Any CPU
		{D535FA16-BF94-4BAB-B702-E980ED469676}.Debug|Any CPU.ActiveCfg = Debug|Any CPU
		{D535FA16-BF94-4BAB-B702-E980ED469676}.Debug|Any CPU.Build.0 = Debug|Any CPU
		{D535FA16-BF94-4BAB-B702-E980ED469676}.Release|Any CPU.ActiveCfg = Release|Any CPU
		{D535FA16-BF94-4BAB-B702-E980ED469676}.Release|Any CPU.Build.0 = Release|Any CPU
		{D535FA16-BF94-4BAB-B702-E980ED469676}.CheckIn|Any CPU.ActiveCfg = Debug|Any CPU
		{D535FA16-BF94-4BAB-B702-E980ED469676}.CheckIn|Any CPU.Build.0 = Debug|Any CPU
		{851BBF0F-FCC2-4F50-8049-ABAB2013FA7B}.Debug|Any CPU.ActiveCfg = Debug|Any CPU
		{851BBF0F-FCC2-4F50-8049-ABAB2013FA7B}.Debug|Any CPU.Build.0 = Debug|Any CPU
		{851BBF0F-FCC2-4F50-8049-ABAB2013FA7B}.Release|Any CPU.ActiveCfg = Release|Any CPU
		{851BBF0F-FCC2-4F50-8049-ABAB2013FA7B}.Release|Any CPU.Build.0 = Release|Any CPU
		{851BBF0F-FCC2-4F50-8049-ABAB2013FA7B}.CheckIn|Any CPU.ActiveCfg = Debug|Any CPU
		{851BBF0F-FCC2-4F50-8049-ABAB2013FA7B}.CheckIn|Any CPU.Build.0 = Debug|Any CPU
		{4207FB8B-987D-4594-8465-DB6E44029FE8}.Debug|Any CPU.ActiveCfg = Debug|Any CPU
		{4207FB8B-987D-4594-8465-DB6E44029FE8}.Debug|Any CPU.Build.0 = Debug|Any CPU
		{4207FB8B-987D-4594-8465-DB6E44029FE8}.Release|Any CPU.ActiveCfg = Release|Any CPU
		{4207FB8B-987D-4594-8465-DB6E44029FE8}.Release|Any CPU.Build.0 = Release|Any CPU
		{4207FB8B-987D-4594-8465-DB6E44029FE8}.CheckIn|Any CPU.ActiveCfg = Debug|Any CPU
		{4207FB8B-987D-4594-8465-DB6E44029FE8}.CheckIn|Any CPU.Build.0 = Debug|Any CPU
		{0046C785-8201-40E1-A288-694588C8BBB4}.Debug|Any CPU.ActiveCfg = Debug|Any CPU
		{0046C785-8201-40E1-A288-694588C8BBB4}.Debug|Any CPU.Build.0 = Debug|Any CPU
		{0046C785-8201-40E1-A288-694588C8BBB4}.Release|Any CPU.ActiveCfg = Release|Any CPU
		{0046C785-8201-40E1-A288-694588C8BBB4}.Release|Any CPU.Build.0 = Release|Any CPU
		{0046C785-8201-40E1-A288-694588C8BBB4}.CheckIn|Any CPU.ActiveCfg = Debug|Any CPU
		{0046C785-8201-40E1-A288-694588C8BBB4}.CheckIn|Any CPU.Build.0 = Debug|Any CPU
		{64EDF36D-FA05-4204-85B3-5F85CD6C07CA}.Debug|Any CPU.ActiveCfg = Debug|Any CPU
		{64EDF36D-FA05-4204-85B3-5F85CD6C07CA}.Debug|Any CPU.Build.0 = Debug|Any CPU
		{64EDF36D-FA05-4204-85B3-5F85CD6C07CA}.Release|Any CPU.ActiveCfg = Release|Any CPU
		{64EDF36D-FA05-4204-85B3-5F85CD6C07CA}.Release|Any CPU.Build.0 = Release|Any CPU
		{64EDF36D-FA05-4204-85B3-5F85CD6C07CA}.CheckIn|Any CPU.ActiveCfg = Debug|Any CPU
		{64EDF36D-FA05-4204-85B3-5F85CD6C07CA}.CheckIn|Any CPU.Build.0 = Debug|Any CPU
		{8B31866D-419B-4FF7-8F5A-590D939C28FC}.Debug|Any CPU.ActiveCfg = Debug|Any CPU
		{8B31866D-419B-4FF7-8F5A-590D939C28FC}.Debug|Any CPU.Build.0 = Debug|Any CPU
		{8B31866D-419B-4FF7-8F5A-590D939C28FC}.Release|Any CPU.ActiveCfg = Release|Any CPU
		{8B31866D-419B-4FF7-8F5A-590D939C28FC}.Release|Any CPU.Build.0 = Release|Any CPU
		{8B31866D-419B-4FF7-8F5A-590D939C28FC}.CheckIn|Any CPU.ActiveCfg = Debug|Any CPU
		{8B31866D-419B-4FF7-8F5A-590D939C28FC}.CheckIn|Any CPU.Build.0 = Debug|Any CPU
		{514C1078-6B2A-48F1-8A16-27AA1A119DC7}.Debug|Any CPU.ActiveCfg = Debug|Any CPU
		{514C1078-6B2A-48F1-8A16-27AA1A119DC7}.Debug|Any CPU.Build.0 = Debug|Any CPU
		{514C1078-6B2A-48F1-8A16-27AA1A119DC7}.Release|Any CPU.ActiveCfg = Release|Any CPU
		{514C1078-6B2A-48F1-8A16-27AA1A119DC7}.Release|Any CPU.Build.0 = Release|Any CPU
		{514C1078-6B2A-48F1-8A16-27AA1A119DC7}.CheckIn|Any CPU.ActiveCfg = Debug|Any CPU
		{514C1078-6B2A-48F1-8A16-27AA1A119DC7}.CheckIn|Any CPU.Build.0 = Debug|Any CPU
		{A11165B1-CD30-4B96-BBA6-EF3CD3A84477}.Debug|Any CPU.ActiveCfg = Debug|Any CPU
		{A11165B1-CD30-4B96-BBA6-EF3CD3A84477}.Debug|Any CPU.Build.0 = Debug|Any CPU
		{A11165B1-CD30-4B96-BBA6-EF3CD3A84477}.Release|Any CPU.ActiveCfg = Release|Any CPU
		{A11165B1-CD30-4B96-BBA6-EF3CD3A84477}.Release|Any CPU.Build.0 = Release|Any CPU
		{A11165B1-CD30-4B96-BBA6-EF3CD3A84477}.CheckIn|Any CPU.ActiveCfg = Debug|Any CPU
		{A11165B1-CD30-4B96-BBA6-EF3CD3A84477}.CheckIn|Any CPU.Build.0 = Debug|Any CPU
		{75D96F2A-505C-4872-8302-EA4A129AA9D9}.Debug|Any CPU.ActiveCfg = Debug|Any CPU
		{75D96F2A-505C-4872-8302-EA4A129AA9D9}.Debug|Any CPU.Build.0 = Debug|Any CPU
		{75D96F2A-505C-4872-8302-EA4A129AA9D9}.Release|Any CPU.ActiveCfg = Release|Any CPU
		{75D96F2A-505C-4872-8302-EA4A129AA9D9}.Release|Any CPU.Build.0 = Release|Any CPU
		{75D96F2A-505C-4872-8302-EA4A129AA9D9}.CheckIn|Any CPU.ActiveCfg = Debug|Any CPU
		{75D96F2A-505C-4872-8302-EA4A129AA9D9}.CheckIn|Any CPU.Build.0 = Debug|Any CPU
		{6D94014B-B57A-40BA-B5FE-E349BE355925}.Debug|Any CPU.ActiveCfg = Debug|Any CPU
		{6D94014B-B57A-40BA-B5FE-E349BE355925}.Debug|Any CPU.Build.0 = Debug|Any CPU
		{6D94014B-B57A-40BA-B5FE-E349BE355925}.Release|Any CPU.ActiveCfg = Release|Any CPU
		{6D94014B-B57A-40BA-B5FE-E349BE355925}.Release|Any CPU.Build.0 = Release|Any CPU
		{6D94014B-B57A-40BA-B5FE-E349BE355925}.CheckIn|Any CPU.ActiveCfg = Debug|Any CPU
		{6D94014B-B57A-40BA-B5FE-E349BE355925}.CheckIn|Any CPU.Build.0 = Debug|Any CPU
		{6569BBBF-8B14-44AA-A58D-CD247C151F15}.Debug|Any CPU.ActiveCfg = Debug|Any CPU
		{6569BBBF-8B14-44AA-A58D-CD247C151F15}.Debug|Any CPU.Build.0 = Debug|Any CPU
		{6569BBBF-8B14-44AA-A58D-CD247C151F15}.Release|Any CPU.ActiveCfg = Release|Any CPU
		{6569BBBF-8B14-44AA-A58D-CD247C151F15}.Release|Any CPU.Build.0 = Release|Any CPU
		{6569BBBF-8B14-44AA-A58D-CD247C151F15}.CheckIn|Any CPU.ActiveCfg = Debug|Any CPU
		{6569BBBF-8B14-44AA-A58D-CD247C151F15}.CheckIn|Any CPU.Build.0 = Debug|Any CPU
		{79F6C684-A70C-4DE2-A502-66CB08106EF8}.Debug|Any CPU.ActiveCfg = Debug|Any CPU
		{79F6C684-A70C-4DE2-A502-66CB08106EF8}.Debug|Any CPU.Build.0 = Debug|Any CPU
		{79F6C684-A70C-4DE2-A502-66CB08106EF8}.Release|Any CPU.ActiveCfg = Release|Any CPU
		{79F6C684-A70C-4DE2-A502-66CB08106EF8}.Release|Any CPU.Build.0 = Release|Any CPU
		{79F6C684-A70C-4DE2-A502-66CB08106EF8}.CheckIn|Any CPU.ActiveCfg = Debug|Any CPU
		{79F6C684-A70C-4DE2-A502-66CB08106EF8}.CheckIn|Any CPU.Build.0 = Debug|Any CPU
		{F10CA672-A6DC-409A-B355-1EA3D2A5FBEF}.Debug|Any CPU.ActiveCfg = Debug|Any CPU
		{F10CA672-A6DC-409A-B355-1EA3D2A5FBEF}.Debug|Any CPU.Build.0 = Debug|Any CPU
		{F10CA672-A6DC-409A-B355-1EA3D2A5FBEF}.Release|Any CPU.ActiveCfg = Release|Any CPU
		{F10CA672-A6DC-409A-B355-1EA3D2A5FBEF}.Release|Any CPU.Build.0 = Release|Any CPU
		{F10CA672-A6DC-409A-B355-1EA3D2A5FBEF}.CheckIn|Any CPU.ActiveCfg = Debug|Any CPU
		{F10CA672-A6DC-409A-B355-1EA3D2A5FBEF}.CheckIn|Any CPU.Build.0 = Debug|Any CPU
		{4079397B-7196-4178-9354-FB1DBB8B5848}.Debug|Any CPU.ActiveCfg = Debug|Any CPU
		{4079397B-7196-4178-9354-FB1DBB8B5848}.Debug|Any CPU.Build.0 = Debug|Any CPU
		{4079397B-7196-4178-9354-FB1DBB8B5848}.Release|Any CPU.ActiveCfg = Release|Any CPU
		{4079397B-7196-4178-9354-FB1DBB8B5848}.Release|Any CPU.Build.0 = Release|Any CPU
		{4079397B-7196-4178-9354-FB1DBB8B5848}.CheckIn|Any CPU.ActiveCfg = Debug|Any CPU
		{4079397B-7196-4178-9354-FB1DBB8B5848}.CheckIn|Any CPU.Build.0 = Debug|Any CPU
		{8096F9A2-2F63-42B0-BF93-4F4B5AD0BDEF}.Debug|Any CPU.ActiveCfg = Debug|Any CPU
		{8096F9A2-2F63-42B0-BF93-4F4B5AD0BDEF}.Debug|Any CPU.Build.0 = Debug|Any CPU
		{8096F9A2-2F63-42B0-BF93-4F4B5AD0BDEF}.Release|Any CPU.ActiveCfg = Release|Any CPU
		{8096F9A2-2F63-42B0-BF93-4F4B5AD0BDEF}.Release|Any CPU.Build.0 = Release|Any CPU
		{8096F9A2-2F63-42B0-BF93-4F4B5AD0BDEF}.CheckIn|Any CPU.ActiveCfg = Debug|Any CPU
		{8096F9A2-2F63-42B0-BF93-4F4B5AD0BDEF}.CheckIn|Any CPU.Build.0 = Debug|Any CPU
		{5E9231E4-64CA-4C6A-B348-B0C0AE847D99}.Debug|Any CPU.ActiveCfg = Debug|Any CPU
		{5E9231E4-64CA-4C6A-B348-B0C0AE847D99}.Debug|Any CPU.Build.0 = Debug|Any CPU
		{5E9231E4-64CA-4C6A-B348-B0C0AE847D99}.Release|Any CPU.ActiveCfg = Release|Any CPU
		{5E9231E4-64CA-4C6A-B348-B0C0AE847D99}.Release|Any CPU.Build.0 = Release|Any CPU
		{5E9231E4-64CA-4C6A-B348-B0C0AE847D99}.CheckIn|Any CPU.ActiveCfg = Debug|Any CPU
		{5E9231E4-64CA-4C6A-B348-B0C0AE847D99}.CheckIn|Any CPU.Build.0 = Debug|Any CPU
		{6AF1C872-1705-42F4-9ECB-FC0EC23E9FD7}.Debug|Any CPU.ActiveCfg = Debug|Any CPU
		{6AF1C872-1705-42F4-9ECB-FC0EC23E9FD7}.Debug|Any CPU.Build.0 = Debug|Any CPU
		{6AF1C872-1705-42F4-9ECB-FC0EC23E9FD7}.Release|Any CPU.ActiveCfg = Release|Any CPU
		{6AF1C872-1705-42F4-9ECB-FC0EC23E9FD7}.Release|Any CPU.Build.0 = Release|Any CPU
		{6AF1C872-1705-42F4-9ECB-FC0EC23E9FD7}.CheckIn|Any CPU.ActiveCfg = Debug|Any CPU
		{6AF1C872-1705-42F4-9ECB-FC0EC23E9FD7}.CheckIn|Any CPU.Build.0 = Debug|Any CPU
		{18FE281F-0604-414F-9724-81C7390B6D69}.Debug|Any CPU.ActiveCfg = Debug|Any CPU
		{18FE281F-0604-414F-9724-81C7390B6D69}.Debug|Any CPU.Build.0 = Debug|Any CPU
		{18FE281F-0604-414F-9724-81C7390B6D69}.Release|Any CPU.ActiveCfg = Release|Any CPU
		{18FE281F-0604-414F-9724-81C7390B6D69}.Release|Any CPU.Build.0 = Release|Any CPU
		{18FE281F-0604-414F-9724-81C7390B6D69}.CheckIn|Any CPU.ActiveCfg = Debug|Any CPU
		{18FE281F-0604-414F-9724-81C7390B6D69}.CheckIn|Any CPU.Build.0 = Debug|Any CPU
		{4B2D756B-178D-472D-9F1E-AD6A2C424BBE}.Debug|Any CPU.ActiveCfg = Debug|Any CPU
		{4B2D756B-178D-472D-9F1E-AD6A2C424BBE}.Debug|Any CPU.Build.0 = Debug|Any CPU
		{4B2D756B-178D-472D-9F1E-AD6A2C424BBE}.Release|Any CPU.ActiveCfg = Release|Any CPU
		{4B2D756B-178D-472D-9F1E-AD6A2C424BBE}.Release|Any CPU.Build.0 = Release|Any CPU
		{4B2D756B-178D-472D-9F1E-AD6A2C424BBE}.CheckIn|Any CPU.ActiveCfg = Debug|Any CPU
		{4B2D756B-178D-472D-9F1E-AD6A2C424BBE}.CheckIn|Any CPU.Build.0 = Debug|Any CPU
		{9DC91545-7D98-4BFE-AD9A-026001F68E2E}.Debug|Any CPU.ActiveCfg = Debug|Any CPU
		{9DC91545-7D98-4BFE-AD9A-026001F68E2E}.Debug|Any CPU.Build.0 = Debug|Any CPU
		{9DC91545-7D98-4BFE-AD9A-026001F68E2E}.Release|Any CPU.ActiveCfg = Release|Any CPU
		{9DC91545-7D98-4BFE-AD9A-026001F68E2E}.Release|Any CPU.Build.0 = Release|Any CPU
		{9DC91545-7D98-4BFE-AD9A-026001F68E2E}.CheckIn|Any CPU.ActiveCfg = Debug|Any CPU
		{9DC91545-7D98-4BFE-AD9A-026001F68E2E}.CheckIn|Any CPU.Build.0 = Debug|Any CPU
		{7CDBB269-496F-4FE0-9BA8-5B3B7D696AE3}.Debug|Any CPU.ActiveCfg = Debug|Any CPU
		{7CDBB269-496F-4FE0-9BA8-5B3B7D696AE3}.Debug|Any CPU.Build.0 = Debug|Any CPU
		{7CDBB269-496F-4FE0-9BA8-5B3B7D696AE3}.Release|Any CPU.ActiveCfg = Release|Any CPU
		{7CDBB269-496F-4FE0-9BA8-5B3B7D696AE3}.Release|Any CPU.Build.0 = Release|Any CPU
		{7CDBB269-496F-4FE0-9BA8-5B3B7D696AE3}.CheckIn|Any CPU.ActiveCfg = Debug|Any CPU
		{7CDBB269-496F-4FE0-9BA8-5B3B7D696AE3}.CheckIn|Any CPU.Build.0 = Debug|Any CPU
		{820F9DE4-0B62-4061-B438-CF66C0DF531D}.Debug|Any CPU.ActiveCfg = Debug|Any CPU
		{820F9DE4-0B62-4061-B438-CF66C0DF531D}.Debug|Any CPU.Build.0 = Debug|Any CPU
		{820F9DE4-0B62-4061-B438-CF66C0DF531D}.Release|Any CPU.ActiveCfg = Release|Any CPU
		{820F9DE4-0B62-4061-B438-CF66C0DF531D}.Release|Any CPU.Build.0 = Release|Any CPU
		{820F9DE4-0B62-4061-B438-CF66C0DF531D}.CheckIn|Any CPU.ActiveCfg = Debug|Any CPU
		{820F9DE4-0B62-4061-B438-CF66C0DF531D}.CheckIn|Any CPU.Build.0 = Debug|Any CPU
		{5DCFBF13-AB26-4E3A-B86F-5353EADF1188}.Debug|Any CPU.ActiveCfg = Debug|Any CPU
		{5DCFBF13-AB26-4E3A-B86F-5353EADF1188}.Debug|Any CPU.Build.0 = Debug|Any CPU
		{5DCFBF13-AB26-4E3A-B86F-5353EADF1188}.Release|Any CPU.ActiveCfg = Release|Any CPU
		{5DCFBF13-AB26-4E3A-B86F-5353EADF1188}.Release|Any CPU.Build.0 = Release|Any CPU
		{5DCFBF13-AB26-4E3A-B86F-5353EADF1188}.CheckIn|Any CPU.ActiveCfg = Debug|Any CPU
		{5DCFBF13-AB26-4E3A-B86F-5353EADF1188}.CheckIn|Any CPU.Build.0 = Debug|Any CPU
		{098CF84A-2BAA-48D7-B332-49BE0FBE5F78}.Debug|Any CPU.ActiveCfg = Debug|Any CPU
		{098CF84A-2BAA-48D7-B332-49BE0FBE5F78}.Debug|Any CPU.Build.0 = Debug|Any CPU
		{098CF84A-2BAA-48D7-B332-49BE0FBE5F78}.Release|Any CPU.ActiveCfg = Release|Any CPU
		{098CF84A-2BAA-48D7-B332-49BE0FBE5F78}.Release|Any CPU.Build.0 = Release|Any CPU
		{098CF84A-2BAA-48D7-B332-49BE0FBE5F78}.CheckIn|Any CPU.ActiveCfg = Debug|Any CPU
		{098CF84A-2BAA-48D7-B332-49BE0FBE5F78}.CheckIn|Any CPU.Build.0 = Debug|Any CPU
		{CE92A77C-D2D1-400F-BF94-3E9DA20C1CCE}.Debug|Any CPU.ActiveCfg = Debug|Any CPU
		{CE92A77C-D2D1-400F-BF94-3E9DA20C1CCE}.Debug|Any CPU.Build.0 = Debug|Any CPU
		{CE92A77C-D2D1-400F-BF94-3E9DA20C1CCE}.Release|Any CPU.ActiveCfg = Release|Any CPU
		{CE92A77C-D2D1-400F-BF94-3E9DA20C1CCE}.Release|Any CPU.Build.0 = Release|Any CPU
		{CE92A77C-D2D1-400F-BF94-3E9DA20C1CCE}.CheckIn|Any CPU.ActiveCfg = Debug|Any CPU
		{CE92A77C-D2D1-400F-BF94-3E9DA20C1CCE}.CheckIn|Any CPU.Build.0 = Debug|Any CPU
		{3E07BCDA-1103-4E0D-8944-49AE6BAFAB69}.Debug|Any CPU.ActiveCfg = Debug|Any CPU
		{3E07BCDA-1103-4E0D-8944-49AE6BAFAB69}.Debug|Any CPU.Build.0 = Debug|Any CPU
		{3E07BCDA-1103-4E0D-8944-49AE6BAFAB69}.Release|Any CPU.ActiveCfg = Release|Any CPU
		{3E07BCDA-1103-4E0D-8944-49AE6BAFAB69}.Release|Any CPU.Build.0 = Release|Any CPU
		{3E07BCDA-1103-4E0D-8944-49AE6BAFAB69}.CheckIn|Any CPU.ActiveCfg = Debug|Any CPU
		{3E07BCDA-1103-4E0D-8944-49AE6BAFAB69}.CheckIn|Any CPU.Build.0 = Debug|Any CPU
		{2E40AA24-B2ED-433C-95F0-A13B304BB9E5}.Debug|Any CPU.ActiveCfg = Debug|Any CPU
		{2E40AA24-B2ED-433C-95F0-A13B304BB9E5}.Debug|Any CPU.Build.0 = Debug|Any CPU
		{2E40AA24-B2ED-433C-95F0-A13B304BB9E5}.Release|Any CPU.ActiveCfg = Release|Any CPU
		{2E40AA24-B2ED-433C-95F0-A13B304BB9E5}.Release|Any CPU.Build.0 = Release|Any CPU
		{2E40AA24-B2ED-433C-95F0-A13B304BB9E5}.CheckIn|Any CPU.ActiveCfg = Debug|Any CPU
		{2E40AA24-B2ED-433C-95F0-A13B304BB9E5}.CheckIn|Any CPU.Build.0 = Debug|Any CPU
		{6E354702-3A19-4101-86B7-4781F2CA4FFF}.Debug|Any CPU.ActiveCfg = Debug|Any CPU
		{6E354702-3A19-4101-86B7-4781F2CA4FFF}.Debug|Any CPU.Build.0 = Debug|Any CPU
		{6E354702-3A19-4101-86B7-4781F2CA4FFF}.Release|Any CPU.ActiveCfg = Release|Any CPU
		{6E354702-3A19-4101-86B7-4781F2CA4FFF}.Release|Any CPU.Build.0 = Release|Any CPU
		{6E354702-3A19-4101-86B7-4781F2CA4FFF}.CheckIn|Any CPU.ActiveCfg = Debug|Any CPU
		{6E354702-3A19-4101-86B7-4781F2CA4FFF}.CheckIn|Any CPU.Build.0 = Debug|Any CPU
		{F7EDCFCF-94AE-42EF-93AB-6E912ED85E29}.Debug|Any CPU.ActiveCfg = Debug|Any CPU
		{F7EDCFCF-94AE-42EF-93AB-6E912ED85E29}.Debug|Any CPU.Build.0 = Debug|Any CPU
		{F7EDCFCF-94AE-42EF-93AB-6E912ED85E29}.Release|Any CPU.ActiveCfg = Release|Any CPU
		{F7EDCFCF-94AE-42EF-93AB-6E912ED85E29}.Release|Any CPU.Build.0 = Release|Any CPU
		{F7EDCFCF-94AE-42EF-93AB-6E912ED85E29}.CheckIn|Any CPU.ActiveCfg = Debug|Any CPU
		{F7EDCFCF-94AE-42EF-93AB-6E912ED85E29}.CheckIn|Any CPU.Build.0 = Debug|Any CPU
		{315C002A-E338-484E-B710-E126C0D85482}.Debug|Any CPU.ActiveCfg = Debug|Any CPU
		{315C002A-E338-484E-B710-E126C0D85482}.Debug|Any CPU.Build.0 = Debug|Any CPU
		{315C002A-E338-484E-B710-E126C0D85482}.Release|Any CPU.ActiveCfg = Release|Any CPU
		{315C002A-E338-484E-B710-E126C0D85482}.Release|Any CPU.Build.0 = Release|Any CPU
		{315C002A-E338-484E-B710-E126C0D85482}.CheckIn|Any CPU.ActiveCfg = Debug|Any CPU
		{315C002A-E338-484E-B710-E126C0D85482}.CheckIn|Any CPU.Build.0 = Debug|Any CPU
		{9E3AAC29-ADEB-4A57-A272-D94E9B595A45}.Debug|Any CPU.ActiveCfg = Debug|Any CPU
		{9E3AAC29-ADEB-4A57-A272-D94E9B595A45}.Debug|Any CPU.Build.0 = Debug|Any CPU
		{9E3AAC29-ADEB-4A57-A272-D94E9B595A45}.Release|Any CPU.ActiveCfg = Release|Any CPU
		{9E3AAC29-ADEB-4A57-A272-D94E9B595A45}.Release|Any CPU.Build.0 = Release|Any CPU
		{9E3AAC29-ADEB-4A57-A272-D94E9B595A45}.CheckIn|Any CPU.ActiveCfg = Debug|Any CPU
		{9E3AAC29-ADEB-4A57-A272-D94E9B595A45}.CheckIn|Any CPU.Build.0 = Debug|Any CPU
		{6204867C-4DDB-4467-A342-4D4A8D3C8399}.Debug|Any CPU.ActiveCfg = Debug|Any CPU
		{6204867C-4DDB-4467-A342-4D4A8D3C8399}.Debug|Any CPU.Build.0 = Debug|Any CPU
		{6204867C-4DDB-4467-A342-4D4A8D3C8399}.Release|Any CPU.ActiveCfg = Release|Any CPU
		{6204867C-4DDB-4467-A342-4D4A8D3C8399}.Release|Any CPU.Build.0 = Release|Any CPU
		{6204867C-4DDB-4467-A342-4D4A8D3C8399}.CheckIn|Any CPU.ActiveCfg = Debug|Any CPU
		{6204867C-4DDB-4467-A342-4D4A8D3C8399}.CheckIn|Any CPU.Build.0 = Debug|Any CPU
		{8C6CC35C-CF72-4DAB-99C6-FBE42D9099FE}.Debug|Any CPU.ActiveCfg = Debug|Any CPU
		{8C6CC35C-CF72-4DAB-99C6-FBE42D9099FE}.Debug|Any CPU.Build.0 = Debug|Any CPU
		{8C6CC35C-CF72-4DAB-99C6-FBE42D9099FE}.Release|Any CPU.ActiveCfg = Release|Any CPU
		{8C6CC35C-CF72-4DAB-99C6-FBE42D9099FE}.Release|Any CPU.Build.0 = Release|Any CPU
		{8C6CC35C-CF72-4DAB-99C6-FBE42D9099FE}.CheckIn|Any CPU.ActiveCfg = Debug|Any CPU
		{8C6CC35C-CF72-4DAB-99C6-FBE42D9099FE}.CheckIn|Any CPU.Build.0 = Debug|Any CPU
		{1D1756C5-B269-4E09-BFEC-45C35EE6F43B}.Debug|Any CPU.ActiveCfg = Debug|Any CPU
		{1D1756C5-B269-4E09-BFEC-45C35EE6F43B}.Debug|Any CPU.Build.0 = Debug|Any CPU
		{1D1756C5-B269-4E09-BFEC-45C35EE6F43B}.Release|Any CPU.ActiveCfg = Release|Any CPU
		{1D1756C5-B269-4E09-BFEC-45C35EE6F43B}.Release|Any CPU.Build.0 = Release|Any CPU
		{1D1756C5-B269-4E09-BFEC-45C35EE6F43B}.CheckIn|Any CPU.ActiveCfg = Debug|Any CPU
		{1D1756C5-B269-4E09-BFEC-45C35EE6F43B}.CheckIn|Any CPU.Build.0 = Debug|Any CPU
		{A0C131E5-528B-4653-8FBE-69092F93B1DC}.Debug|Any CPU.ActiveCfg = Debug|Any CPU
		{A0C131E5-528B-4653-8FBE-69092F93B1DC}.Debug|Any CPU.Build.0 = Debug|Any CPU
		{A0C131E5-528B-4653-8FBE-69092F93B1DC}.Release|Any CPU.ActiveCfg = Release|Any CPU
		{A0C131E5-528B-4653-8FBE-69092F93B1DC}.Release|Any CPU.Build.0 = Release|Any CPU
		{A0C131E5-528B-4653-8FBE-69092F93B1DC}.CheckIn|Any CPU.ActiveCfg = Debug|Any CPU
		{A0C131E5-528B-4653-8FBE-69092F93B1DC}.CheckIn|Any CPU.Build.0 = Debug|Any CPU
		{D8560139-E83A-48E3-89DE-99995C6F3F75}.Debug|Any CPU.ActiveCfg = Debug|Any CPU
		{D8560139-E83A-48E3-89DE-99995C6F3F75}.Debug|Any CPU.Build.0 = Debug|Any CPU
		{D8560139-E83A-48E3-89DE-99995C6F3F75}.Release|Any CPU.ActiveCfg = Release|Any CPU
		{D8560139-E83A-48E3-89DE-99995C6F3F75}.Release|Any CPU.Build.0 = Release|Any CPU
		{D8560139-E83A-48E3-89DE-99995C6F3F75}.CheckIn|Any CPU.ActiveCfg = Debug|Any CPU
		{D8560139-E83A-48E3-89DE-99995C6F3F75}.CheckIn|Any CPU.Build.0 = Debug|Any CPU
		{970D8C08-871C-4360-AEFD-C59CB9C3D230}.Debug|Any CPU.ActiveCfg = Debug|Any CPU
		{970D8C08-871C-4360-AEFD-C59CB9C3D230}.Debug|Any CPU.Build.0 = Debug|Any CPU
		{970D8C08-871C-4360-AEFD-C59CB9C3D230}.Release|Any CPU.ActiveCfg = Release|Any CPU
		{970D8C08-871C-4360-AEFD-C59CB9C3D230}.Release|Any CPU.Build.0 = Release|Any CPU
		{970D8C08-871C-4360-AEFD-C59CB9C3D230}.CheckIn|Any CPU.ActiveCfg = Debug|Any CPU
		{970D8C08-871C-4360-AEFD-C59CB9C3D230}.CheckIn|Any CPU.Build.0 = Debug|Any CPU
		{67511AC2-084D-4187-B6AC-7B75F4089EA0}.Debug|Any CPU.ActiveCfg = Debug|Any CPU
		{67511AC2-084D-4187-B6AC-7B75F4089EA0}.Debug|Any CPU.Build.0 = Debug|Any CPU
		{67511AC2-084D-4187-B6AC-7B75F4089EA0}.Release|Any CPU.ActiveCfg = Release|Any CPU
		{67511AC2-084D-4187-B6AC-7B75F4089EA0}.Release|Any CPU.Build.0 = Release|Any CPU
		{67511AC2-084D-4187-B6AC-7B75F4089EA0}.CheckIn|Any CPU.ActiveCfg = Debug|Any CPU
		{67511AC2-084D-4187-B6AC-7B75F4089EA0}.CheckIn|Any CPU.Build.0 = Debug|Any CPU
		{DA52E746-5374-44E2-8BDD-A39146C97758}.Debug|Any CPU.ActiveCfg = Debug|Any CPU
		{DA52E746-5374-44E2-8BDD-A39146C97758}.Debug|Any CPU.Build.0 = Debug|Any CPU
		{DA52E746-5374-44E2-8BDD-A39146C97758}.Release|Any CPU.ActiveCfg = Release|Any CPU
		{DA52E746-5374-44E2-8BDD-A39146C97758}.Release|Any CPU.Build.0 = Release|Any CPU
		{DA52E746-5374-44E2-8BDD-A39146C97758}.CheckIn|Any CPU.ActiveCfg = Debug|Any CPU
		{DA52E746-5374-44E2-8BDD-A39146C97758}.CheckIn|Any CPU.Build.0 = Debug|Any CPU
		{7A1FBE65-1E3C-476B-A071-4E44AF173B5F}.Debug|Any CPU.ActiveCfg = Debug|Any CPU
		{7A1FBE65-1E3C-476B-A071-4E44AF173B5F}.Debug|Any CPU.Build.0 = Debug|Any CPU
		{7A1FBE65-1E3C-476B-A071-4E44AF173B5F}.Release|Any CPU.ActiveCfg = Release|Any CPU
		{7A1FBE65-1E3C-476B-A071-4E44AF173B5F}.Release|Any CPU.Build.0 = Release|Any CPU
		{7A1FBE65-1E3C-476B-A071-4E44AF173B5F}.CheckIn|Any CPU.ActiveCfg = Debug|Any CPU
		{7A1FBE65-1E3C-476B-A071-4E44AF173B5F}.CheckIn|Any CPU.Build.0 = Debug|Any CPU
		{5DF73AC9-D7E7-41ED-AA93-B2E449E15E5C}.Debug|Any CPU.ActiveCfg = Debug|Any CPU
		{5DF73AC9-D7E7-41ED-AA93-B2E449E15E5C}.Debug|Any CPU.Build.0 = Debug|Any CPU
		{5DF73AC9-D7E7-41ED-AA93-B2E449E15E5C}.Release|Any CPU.ActiveCfg = Release|Any CPU
		{5DF73AC9-D7E7-41ED-AA93-B2E449E15E5C}.Release|Any CPU.Build.0 = Release|Any CPU
		{5DF73AC9-D7E7-41ED-AA93-B2E449E15E5C}.CheckIn|Any CPU.ActiveCfg = Debug|Any CPU
		{5DF73AC9-D7E7-41ED-AA93-B2E449E15E5C}.CheckIn|Any CPU.Build.0 = Debug|Any CPU
		{0EF01F04-37EC-40BF-B8F4-1F146F30BCB6}.Debug|Any CPU.ActiveCfg = Debug|Any CPU
		{0EF01F04-37EC-40BF-B8F4-1F146F30BCB6}.Debug|Any CPU.Build.0 = Debug|Any CPU
		{0EF01F04-37EC-40BF-B8F4-1F146F30BCB6}.Release|Any CPU.ActiveCfg = Release|Any CPU
		{0EF01F04-37EC-40BF-B8F4-1F146F30BCB6}.Release|Any CPU.Build.0 = Release|Any CPU
		{0EF01F04-37EC-40BF-B8F4-1F146F30BCB6}.CheckIn|Any CPU.ActiveCfg = Debug|Any CPU
		{0EF01F04-37EC-40BF-B8F4-1F146F30BCB6}.CheckIn|Any CPU.Build.0 = Debug|Any CPU
		{0733B15E-1C8C-400F-9F28-2D5C3E2AED6D}.Debug|Any CPU.ActiveCfg = Debug|Any CPU
		{0733B15E-1C8C-400F-9F28-2D5C3E2AED6D}.Debug|Any CPU.Build.0 = Debug|Any CPU
		{0733B15E-1C8C-400F-9F28-2D5C3E2AED6D}.Release|Any CPU.ActiveCfg = Release|Any CPU
		{0733B15E-1C8C-400F-9F28-2D5C3E2AED6D}.Release|Any CPU.Build.0 = Release|Any CPU
		{0733B15E-1C8C-400F-9F28-2D5C3E2AED6D}.CheckIn|Any CPU.ActiveCfg = Debug|Any CPU
		{0733B15E-1C8C-400F-9F28-2D5C3E2AED6D}.CheckIn|Any CPU.Build.0 = Debug|Any CPU
		{B5CF3937-D43B-4A0F-833F-603B60B37151}.Debug|Any CPU.ActiveCfg = Debug|Any CPU
		{B5CF3937-D43B-4A0F-833F-603B60B37151}.Debug|Any CPU.Build.0 = Debug|Any CPU
		{B5CF3937-D43B-4A0F-833F-603B60B37151}.Release|Any CPU.ActiveCfg = Release|Any CPU
		{B5CF3937-D43B-4A0F-833F-603B60B37151}.Release|Any CPU.Build.0 = Release|Any CPU
		{B5CF3937-D43B-4A0F-833F-603B60B37151}.CheckIn|Any CPU.ActiveCfg = Debug|Any CPU
		{B5CF3937-D43B-4A0F-833F-603B60B37151}.CheckIn|Any CPU.Build.0 = Debug|Any CPU
		{A0BD1DE3-B214-4FD8-ADC0-D32B4333CF13}.Debug|Any CPU.ActiveCfg = Debug|Any CPU
		{A0BD1DE3-B214-4FD8-ADC0-D32B4333CF13}.Debug|Any CPU.Build.0 = Debug|Any CPU
		{A0BD1DE3-B214-4FD8-ADC0-D32B4333CF13}.Release|Any CPU.ActiveCfg = Release|Any CPU
		{A0BD1DE3-B214-4FD8-ADC0-D32B4333CF13}.Release|Any CPU.Build.0 = Release|Any CPU
		{A0BD1DE3-B214-4FD8-ADC0-D32B4333CF13}.CheckIn|Any CPU.ActiveCfg = Debug|Any CPU
		{A0BD1DE3-B214-4FD8-ADC0-D32B4333CF13}.CheckIn|Any CPU.Build.0 = Debug|Any CPU
		{0156B7B1-FCA7-414F-9409-3E162026EA0A}.Debug|Any CPU.ActiveCfg = Debug|Any CPU
		{0156B7B1-FCA7-414F-9409-3E162026EA0A}.Debug|Any CPU.Build.0 = Debug|Any CPU
		{0156B7B1-FCA7-414F-9409-3E162026EA0A}.Release|Any CPU.ActiveCfg = Release|Any CPU
		{0156B7B1-FCA7-414F-9409-3E162026EA0A}.Release|Any CPU.Build.0 = Release|Any CPU
		{0156B7B1-FCA7-414F-9409-3E162026EA0A}.CheckIn|Any CPU.ActiveCfg = Debug|Any CPU
		{0156B7B1-FCA7-414F-9409-3E162026EA0A}.CheckIn|Any CPU.Build.0 = Debug|Any CPU
		{7EAA9257-795E-47FB-BA77-5243C95FC26C}.Debug|Any CPU.ActiveCfg = Debug|Any CPU
		{7EAA9257-795E-47FB-BA77-5243C95FC26C}.Debug|Any CPU.Build.0 = Debug|Any CPU
		{7EAA9257-795E-47FB-BA77-5243C95FC26C}.Release|Any CPU.ActiveCfg = Release|Any CPU
		{7EAA9257-795E-47FB-BA77-5243C95FC26C}.Release|Any CPU.Build.0 = Release|Any CPU
		{7EAA9257-795E-47FB-BA77-5243C95FC26C}.CheckIn|Any CPU.ActiveCfg = Debug|Any CPU
		{7EAA9257-795E-47FB-BA77-5243C95FC26C}.CheckIn|Any CPU.Build.0 = Debug|Any CPU
	EndGlobalSection
	GlobalSection(NestedProjects) = preSolution
		{AA7BCD60-4D7D-4969-A5B5-027B3DBC37BA} = {633CB6A8-06D4-4503-A319-1F8C93C493C8}
		{1618F5B5-DE4F-4FDE-8BDA-431BF126EE51} = {633CB6A8-06D4-4503-A319-1F8C93C493C8}
		{7545988B-5285-418F-9259-F474B57C0BA8} = {1D743741-C85C-4B62-BEC4-309DB0176C78}
		{EA647FB7-A6C7-4F41-8E14-ADFD92135F4E} = {1D743741-C85C-4B62-BEC4-309DB0176C78}
		{E9D36795-0F52-429A-AF7C-27FD364241C2} = {1D743741-C85C-4B62-BEC4-309DB0176C78}
		{299EF2CF-6AE3-4269-91E8-6ECFAFE47577} = {1D743741-C85C-4B62-BEC4-309DB0176C78}
		{F5BDFDCA-64BB-4AFB-9C64-9EC6D0FF9371} = {1D743741-C85C-4B62-BEC4-309DB0176C78}
		{4321D0FC-10D9-434D-A01C-F9FB1AED2A9D} = {1D743741-C85C-4B62-BEC4-309DB0176C78}
		{5AC34D65-349B-4BF7-AE69-4F5D627F98EB} = {1D743741-C85C-4B62-BEC4-309DB0176C78}
		{DC56AE97-2064-48D7-992D-5668EDBA50B5} = {1D743741-C85C-4B62-BEC4-309DB0176C78}
		{B4ADA73C-DC7E-482D-AFC7-F9B45F437A18} = {1D743741-C85C-4B62-BEC4-309DB0176C78}
		{900C9166-D58C-4A3A-A624-AA463A46E948} = {1D743741-C85C-4B62-BEC4-309DB0176C78}
		{5E552627-CF63-44B9-A85F-8419FF3580FA} = {1D743741-C85C-4B62-BEC4-309DB0176C78}
		{D535FA16-BF94-4BAB-B702-E980ED469676} = {1D743741-C85C-4B62-BEC4-309DB0176C78}
		{851BBF0F-FCC2-4F50-8049-ABAB2013FA7B} = {1D743741-C85C-4B62-BEC4-309DB0176C78}
		{4207FB8B-987D-4594-8465-DB6E44029FE8} = {1D743741-C85C-4B62-BEC4-309DB0176C78}
		{0046C785-8201-40E1-A288-694588C8BBB4} = {1D743741-C85C-4B62-BEC4-309DB0176C78}
		{64EDF36D-FA05-4204-85B3-5F85CD6C07CA} = {1D743741-C85C-4B62-BEC4-309DB0176C78}
		{8B31866D-419B-4FF7-8F5A-590D939C28FC} = {1D743741-C85C-4B62-BEC4-309DB0176C78}
		{514C1078-6B2A-48F1-8A16-27AA1A119DC7} = {1D743741-C85C-4B62-BEC4-309DB0176C78}
		{A11165B1-CD30-4B96-BBA6-EF3CD3A84477} = {1D743741-C85C-4B62-BEC4-309DB0176C78}
		{75D96F2A-505C-4872-8302-EA4A129AA9D9} = {1D743741-C85C-4B62-BEC4-309DB0176C78}
		{6D94014B-B57A-40BA-B5FE-E349BE355925} = {1D743741-C85C-4B62-BEC4-309DB0176C78}
		{6569BBBF-8B14-44AA-A58D-CD247C151F15} = {1D743741-C85C-4B62-BEC4-309DB0176C78}
		{79F6C684-A70C-4DE2-A502-66CB08106EF8} = {1D743741-C85C-4B62-BEC4-309DB0176C78}
		{F10CA672-A6DC-409A-B355-1EA3D2A5FBEF} = {1D743741-C85C-4B62-BEC4-309DB0176C78}
		{4079397B-7196-4178-9354-FB1DBB8B5848} = {1D743741-C85C-4B62-BEC4-309DB0176C78}
		{8096F9A2-2F63-42B0-BF93-4F4B5AD0BDEF} = {A1E872E7-2042-4D55-8138-E5C8B6BEED7F}
		{5E9231E4-64CA-4C6A-B348-B0C0AE847D99} = {A1E872E7-2042-4D55-8138-E5C8B6BEED7F}
		{6AF1C872-1705-42F4-9ECB-FC0EC23E9FD7} = {A1E872E7-2042-4D55-8138-E5C8B6BEED7F}
		{18FE281F-0604-414F-9724-81C7390B6D69} = {A1E872E7-2042-4D55-8138-E5C8B6BEED7F}
		{4B2D756B-178D-472D-9F1E-AD6A2C424BBE} = {A1E872E7-2042-4D55-8138-E5C8B6BEED7F}
		{9DC91545-7D98-4BFE-AD9A-026001F68E2E} = {A1E872E7-2042-4D55-8138-E5C8B6BEED7F}
		{7CDBB269-496F-4FE0-9BA8-5B3B7D696AE3} = {A1E872E7-2042-4D55-8138-E5C8B6BEED7F}
		{820F9DE4-0B62-4061-B438-CF66C0DF531D} = {A1E872E7-2042-4D55-8138-E5C8B6BEED7F}
		{5DCFBF13-AB26-4E3A-B86F-5353EADF1188} = {A1E872E7-2042-4D55-8138-E5C8B6BEED7F}
		{098CF84A-2BAA-48D7-B332-49BE0FBE5F78} = {A1E872E7-2042-4D55-8138-E5C8B6BEED7F}
		{CE92A77C-D2D1-400F-BF94-3E9DA20C1CCE} = {A1E872E7-2042-4D55-8138-E5C8B6BEED7F}
		{3E07BCDA-1103-4E0D-8944-49AE6BAFAB69} = {75B29DD8-273B-4658-B6AC-205DE4C62A18}
		{2E40AA24-B2ED-433C-95F0-A13B304BB9E5} = {E25A522C-41B4-4116-8127-887B1F17CBDE}
		{6E354702-3A19-4101-86B7-4781F2CA4FFF} = {E25A522C-41B4-4116-8127-887B1F17CBDE}
		{F7EDCFCF-94AE-42EF-93AB-6E912ED85E29} = {E25A522C-41B4-4116-8127-887B1F17CBDE}
		{315C002A-E338-484E-B710-E126C0D85482} = {D70D6F76-E341-4B96-A433-3BAE7DBF6A62}
		{9E3AAC29-ADEB-4A57-A272-D94E9B595A45} = {D70D6F76-E341-4B96-A433-3BAE7DBF6A62}
		{6204867C-4DDB-4467-A342-4D4A8D3C8399} = {D70D6F76-E341-4B96-A433-3BAE7DBF6A62}
		{8C6CC35C-CF72-4DAB-99C6-FBE42D9099FE} = {D70D6F76-E341-4B96-A433-3BAE7DBF6A62}
		{1D1756C5-B269-4E09-BFEC-45C35EE6F43B} = {D70D6F76-E341-4B96-A433-3BAE7DBF6A62}
		{A0C131E5-528B-4653-8FBE-69092F93B1DC} = {D70D6F76-E341-4B96-A433-3BAE7DBF6A62}
		{D8560139-E83A-48E3-89DE-99995C6F3F75} = {D70D6F76-E341-4B96-A433-3BAE7DBF6A62}
		{970D8C08-871C-4360-AEFD-C59CB9C3D230} = {D70D6F76-E341-4B96-A433-3BAE7DBF6A62}
		{67511AC2-084D-4187-B6AC-7B75F4089EA0} = {D70D6F76-E341-4B96-A433-3BAE7DBF6A62}
		{DA52E746-5374-44E2-8BDD-A39146C97758} = {D70D6F76-E341-4B96-A433-3BAE7DBF6A62}
		{7A1FBE65-1E3C-476B-A071-4E44AF173B5F} = {D70D6F76-E341-4B96-A433-3BAE7DBF6A62}
		{5DF73AC9-D7E7-41ED-AA93-B2E449E15E5C} = {D70D6F76-E341-4B96-A433-3BAE7DBF6A62}
		{0EF01F04-37EC-40BF-B8F4-1F146F30BCB6} = {7BB71DFA-4919-4821-A929-95539066F007}
		{0733B15E-1C8C-400F-9F28-2D5C3E2AED6D} = {7BB71DFA-4919-4821-A929-95539066F007}
		{B5CF3937-D43B-4A0F-833F-603B60B37151} = {7BB71DFA-4919-4821-A929-95539066F007}
		{A0BD1DE3-B214-4FD8-ADC0-D32B4333CF13} = {7BB71DFA-4919-4821-A929-95539066F007}
		{0156B7B1-FCA7-414F-9409-3E162026EA0A} = {5AF1C886-8A99-4219-976B-876A382E799F}
		{7EAA9257-795E-47FB-BA77-5243C95FC26C} = {5AF1C886-8A99-4219-976B-876A382E799F}
	EndGlobalSection
EndGlobal
