
Microsoft Visual Studio Solution File, Format Version 12.00
Project("{FAE04EC0-301F-11D3-BF4B-00C04F79EFBC}") = "TicTacToe", "TicTacToe\TicTacToe.csproj", "{032608C4-D3AB-42A9-8252-46E32FAB216C}"
EndProject
Project("{FAE04EC0-301F-11D3-BF4B-00C04F79EFBC}") = "PhoneBook", "PhoneBook\PhoneBook.csproj", "{892F2765-FB20-4F59-AB82-00FF4B0341B1}"
EndProject
Global
	GlobalSection(SolutionConfigurationPlatforms) = preSolution
		Debug|Any CPU = Debug|Any CPU
		Release|Any CPU = Release|Any CPU
	EndGlobalSection
	GlobalSection(ProjectConfigurationPlatforms) = postSolution
		{032608C4-D3AB-42A9-8252-46E32FAB216C}.Debug|Any CPU.ActiveCfg = Debug|Any CPU
		{032608C4-D3AB-42A9-8252-46E32FAB216C}.Debug|Any CPU.Build.0 = Debug|Any CPU
		{032608C4-D3AB-42A9-8252-46E32FAB216C}.Release|Any CPU.ActiveCfg = Release|Any CPU
		{032608C4-D3AB-42A9-8252-46E32FAB216C}.Release|Any CPU.Build.0 = Release|Any CPU
		{892F2765-FB20-4F59-AB82-00FF4B0341B1}.Debug|Any CPU.ActiveCfg = Debug|Any CPU
		{892F2765-FB20-4F59-AB82-00FF4B0341B1}.Debug|Any CPU.Build.0 = Debug|Any CPU
		{892F2765-FB20-4F59-AB82-00FF4B0341B1}.Release|Any CPU.ActiveCfg = Release|Any CPU
		{892F2765-FB20-4F59-AB82-00FF4B0341B1}.Release|Any CPU.Build.0 = Release|Any CPU
	EndGlobalSection
EndGlobal
